// !$*UTF8*$!
{
	archiveVersion = 1;
	classes = {
	};
	objectVersion = 46;
	objects = {

/* Begin PBXBuildFile section */
		8C70E7607C46200E1B0472A8 /* libPods-PPChatViewController.a in Frameworks */ = {isa = PBXBuildFile; fileRef = 5A5E97812BC4757E5DF04F0C /* libPods-PPChatViewController.a */; };
		B837CF981CA1F04F0052D92F /* main.m in Sources */ = {isa = PBXBuildFile; fileRef = B837CF971CA1F04F0052D92F /* main.m */; };
		B837CF9B1CA1F04F0052D92F /* AppDelegate.m in Sources */ = {isa = PBXBuildFile; fileRef = B837CF9A1CA1F04F0052D92F /* AppDelegate.m */; };
		B837CF9E1CA1F04F0052D92F /* ViewController.m in Sources */ = {isa = PBXBuildFile; fileRef = B837CF9D1CA1F04F0052D92F /* ViewController.m */; };
		B837CFA11CA1F04F0052D92F /* Main.storyboard in Resources */ = {isa = PBXBuildFile; fileRef = B837CF9F1CA1F04F0052D92F /* Main.storyboard */; };
		B837CFA31CA1F04F0052D92F /* Assets.xcassets in Resources */ = {isa = PBXBuildFile; fileRef = B837CFA21CA1F04F0052D92F /* Assets.xcassets */; };
		B837CFA61CA1F04F0052D92F /* LaunchScreen.storyboard in Resources */ = {isa = PBXBuildFile; fileRef = B837CFA41CA1F04F0052D92F /* LaunchScreen.storyboard */; };
		B88ADAA71CA795F9003ADDDA /* PPMessengerCollectionView.m in Sources */ = {isa = PBXBuildFile; fileRef = B88ADA731CA795F9003ADDDA /* PPMessengerCollectionView.m */; };
		B88ADAA81CA795F9003ADDDA /* PPMessengerCollectionViewLayout.m in Sources */ = {isa = PBXBuildFile; fileRef = B88ADA751CA795F9003ADDDA /* PPMessengerCollectionViewLayout.m */; };
		B88ADAA91CA795F9003ADDDA /* PPMessengerContentManager.m in Sources */ = {isa = PBXBuildFile; fileRef = B88ADA791CA795F9003ADDDA /* PPMessengerContentManager.m */; };
		B88ADAAA1CA795F9003ADDDA /* _PPMessengerFakeInputAccessoryView.m in Sources */ = {isa = PBXBuildFile; fileRef = B88ADA801CA795F9003ADDDA /* _PPMessengerFakeInputAccessoryView.m */; };
		B88ADAAB1CA795F9003ADDDA /* PPMessengerInputAccessoryView.m in Sources */ = {isa = PBXBuildFile; fileRef = B88ADA821CA795F9003ADDDA /* PPMessengerInputAccessoryView.m */; };
		B88ADAAC1CA795F9003ADDDA /* PPMessengerDefaults.m in Sources */ = {isa = PBXBuildFile; fileRef = B88ADA861CA795F9003ADDDA /* PPMessengerDefaults.m */; };
		B88ADAAD1CA795F9003ADDDA /* PPMessengerViewController.m in Sources */ = {isa = PBXBuildFile; fileRef = B88ADA881CA795F9003ADDDA /* PPMessengerViewController.m */; };
		B88ADAAE1CA795F9003ADDDA /* PPMMessage.m in Sources */ = {isa = PBXBuildFile; fileRef = B88ADA8C1CA795F9003ADDDA /* PPMMessage.m */; };
		B88ADAAF1CA795F9003ADDDA /* PPMContentDisplayObject.m in Sources */ = {isa = PBXBuildFile; fileRef = B88ADA911CA795F9003ADDDA /* PPMContentDisplayObject.m */; };
		B88ADAB01CA795F9003ADDDA /* PPMGroup.m in Sources */ = {isa = PBXBuildFile; fileRef = B88ADA951CA795F9003ADDDA /* PPMGroup.m */; };
		B88ADAB11CA795F9003ADDDA /* PPMReusableView.m in Sources */ = {isa = PBXBuildFile; fileRef = B88ADA991CA795F9003ADDDA /* PPMReusableView.m */; };
		B88ADAB21CA795F9003ADDDA /* PPMMessageDisplayObject.m in Sources */ = {isa = PBXBuildFile; fileRef = B88ADA9C1CA795F9003ADDDA /* PPMMessageDisplayObject.m */; };
		B88ADAB31CA795F9003ADDDA /* PPMSenderProfilePictureDisplayObject.m in Sources */ = {isa = PBXBuildFile; fileRef = B88ADA9F1CA795F9003ADDDA /* PPMSenderProfilePictureDisplayObject.m */; };
		B88ADAB41CA795F9003ADDDA /* PPMSenderProfilePictureView.m in Sources */ = {isa = PBXBuildFile; fileRef = B88ADAA11CA795F9003ADDDA /* PPMSenderProfilePictureView.m */; };
		B88ADAB51CA795F9003ADDDA /* PPMSenderUsernameDisplayObject.m in Sources */ = {isa = PBXBuildFile; fileRef = B88ADAA41CA795F9003ADDDA /* PPMSenderUsernameDisplayObject.m */; };
		B88ADAB61CA795F9003ADDDA /* PPMSenderUsernameDisplayView.m in Sources */ = {isa = PBXBuildFile; fileRef = B88ADAA61CA795F9003ADDDA /* PPMSenderUsernameDisplayView.m */; };
		B88ADABA1CA96EE1003ADDDA /* PPMLoaderDisplayObject.m in Sources */ = {isa = PBXBuildFile; fileRef = B88ADAB91CA96EE1003ADDDA /* PPMLoaderDisplayObject.m */; };
		B88ADABD1CA96EFD003ADDDA /* PPMLoaderDisplayView.m in Sources */ = {isa = PBXBuildFile; fileRef = B88ADABC1CA96EFD003ADDDA /* PPMLoaderDisplayView.m */; };
		B88B7A621CA995DE00AF3AD9 /* PPMessengerTextHelper.m in Sources */ = {isa = PBXBuildFile; fileRef = B88B7A611CA995DE00AF3AD9 /* PPMessengerTextHelper.m */; };
		B88B7A741CA9A77E00AF3AD9 /* PPMMessageTextContentDisplayView.m in Sources */ = {isa = PBXBuildFile; fileRef = B88B7A731CA9A77E00AF3AD9 /* PPMMessageTextContentDisplayView.m */; };
		B88B7A771CA9F2BF00AF3AD9 /* TESTView.m in Sources */ = {isa = PBXBuildFile; fileRef = B88B7A761CA9F2BF00AF3AD9 /* TESTView.m */; };
		B89251011CA5BD1600F4B81B /* PPMUserData.m in Sources */ = {isa = PBXBuildFile; fileRef = B89251001CA5BD1600F4B81B /* PPMUserData.m */; };
		B89251111CA6015E00F4B81B /* PPMessengerContentProvider.m in Sources */ = {isa = PBXBuildFile; fileRef = B892510B1CA6015E00F4B81B /* PPMessengerContentProvider.m */; };
/* End PBXBuildFile section */

/* Begin PBXFileReference section */
		084952AF1619286A79D7FE54 /* Pods-PPChatViewController.release.xcconfig */ = {isa = PBXFileReference; includeInIndex = 1; lastKnownFileType = text.xcconfig; name = "Pods-PPChatViewController.release.xcconfig"; path = "Pods/Target Support Files/Pods-PPChatViewController/Pods-PPChatViewController.release.xcconfig"; sourceTree = "<group>"; };
		5A5E97812BC4757E5DF04F0C /* libPods-PPChatViewController.a */ = {isa = PBXFileReference; explicitFileType = archive.ar; includeInIndex = 0; path = "libPods-PPChatViewController.a"; sourceTree = BUILT_PRODUCTS_DIR; };
		B05F56E320AC536A629AF2C6 /* Pods-PPChatViewController.debug.xcconfig */ = {isa = PBXFileReference; includeInIndex = 1; lastKnownFileType = text.xcconfig; name = "Pods-PPChatViewController.debug.xcconfig"; path = "Pods/Target Support Files/Pods-PPChatViewController/Pods-PPChatViewController.debug.xcconfig"; sourceTree = "<group>"; };
		B837CF931CA1F04F0052D92F /* PPChatViewController.app */ = {isa = PBXFileReference; explicitFileType = wrapper.application; includeInIndex = 0; path = PPChatViewController.app; sourceTree = BUILT_PRODUCTS_DIR; };
		B837CF971CA1F04F0052D92F /* main.m */ = {isa = PBXFileReference; lastKnownFileType = sourcecode.c.objc; path = main.m; sourceTree = "<group>"; };
		B837CF991CA1F04F0052D92F /* AppDelegate.h */ = {isa = PBXFileReference; lastKnownFileType = sourcecode.c.h; path = AppDelegate.h; sourceTree = "<group>"; };
		B837CF9A1CA1F04F0052D92F /* AppDelegate.m */ = {isa = PBXFileReference; lastKnownFileType = sourcecode.c.objc; path = AppDelegate.m; sourceTree = "<group>"; };
		B837CF9C1CA1F04F0052D92F /* ViewController.h */ = {isa = PBXFileReference; lastKnownFileType = sourcecode.c.h; path = ViewController.h; sourceTree = "<group>"; };
		B837CF9D1CA1F04F0052D92F /* ViewController.m */ = {isa = PBXFileReference; lastKnownFileType = sourcecode.c.objc; path = ViewController.m; sourceTree = "<group>"; };
		B837CFA01CA1F04F0052D92F /* Base */ = {isa = PBXFileReference; lastKnownFileType = file.storyboard; name = Base; path = Base.lproj/Main.storyboard; sourceTree = "<group>"; };
		B837CFA21CA1F04F0052D92F /* Assets.xcassets */ = {isa = PBXFileReference; lastKnownFileType = folder.assetcatalog; path = Assets.xcassets; sourceTree = "<group>"; };
		B837CFA51CA1F04F0052D92F /* Base */ = {isa = PBXFileReference; lastKnownFileType = file.storyboard; name = Base; path = Base.lproj/LaunchScreen.storyboard; sourceTree = "<group>"; };
		B837CFA71CA1F04F0052D92F /* Info.plist */ = {isa = PBXFileReference; lastKnownFileType = text.plist.xml; path = Info.plist; sourceTree = "<group>"; };
		B88ADA721CA795F9003ADDDA /* PPMessengerCollectionView.h */ = {isa = PBXFileReference; fileEncoding = 4; lastKnownFileType = sourcecode.c.h; path = PPMessengerCollectionView.h; sourceTree = "<group>"; };
		B88ADA731CA795F9003ADDDA /* PPMessengerCollectionView.m */ = {isa = PBXFileReference; fileEncoding = 4; lastKnownFileType = sourcecode.c.objc; path = PPMessengerCollectionView.m; sourceTree = "<group>"; };
		B88ADA741CA795F9003ADDDA /* PPMessengerCollectionViewLayout.h */ = {isa = PBXFileReference; fileEncoding = 4; lastKnownFileType = sourcecode.c.h; path = PPMessengerCollectionViewLayout.h; sourceTree = "<group>"; };
		B88ADA751CA795F9003ADDDA /* PPMessengerCollectionViewLayout.m */ = {isa = PBXFileReference; fileEncoding = 4; lastKnownFileType = sourcecode.c.objc; path = PPMessengerCollectionViewLayout.m; sourceTree = "<group>"; };
		B88ADA781CA795F9003ADDDA /* PPMessengerContentManager.h */ = {isa = PBXFileReference; fileEncoding = 4; lastKnownFileType = sourcecode.c.h; path = PPMessengerContentManager.h; sourceTree = "<group>"; };
		B88ADA791CA795F9003ADDDA /* PPMessengerContentManager.m */ = {isa = PBXFileReference; fileEncoding = 4; lastKnownFileType = sourcecode.c.objc; path = PPMessengerContentManager.m; sourceTree = "<group>"; };
		B88ADA7A1CA795F9003ADDDA /* PPMessengerContentManagerProt.h */ = {isa = PBXFileReference; fileEncoding = 4; lastKnownFileType = sourcecode.c.h; path = PPMessengerContentManagerProt.h; sourceTree = "<group>"; };
		B88ADA7C1CA795F9003ADDDA /* PPMessengerContentConsumerProt.h */ = {isa = PBXFileReference; fileEncoding = 4; lastKnownFileType = sourcecode.c.h; path = PPMessengerContentConsumerProt.h; sourceTree = "<group>"; };
		B88ADA7D1CA795F9003ADDDA /* PPMessengerContentProviderProt.h */ = {isa = PBXFileReference; fileEncoding = 4; lastKnownFileType = sourcecode.c.h; path = PPMessengerContentProviderProt.h; sourceTree = "<group>"; };
		B88ADA7F1CA795F9003ADDDA /* _PPMessengerFakeInputAccessoryView.h */ = {isa = PBXFileReference; fileEncoding = 4; lastKnownFileType = sourcecode.c.h; path = _PPMessengerFakeInputAccessoryView.h; sourceTree = "<group>"; };
		B88ADA801CA795F9003ADDDA /* _PPMessengerFakeInputAccessoryView.m */ = {isa = PBXFileReference; fileEncoding = 4; lastKnownFileType = sourcecode.c.objc; path = _PPMessengerFakeInputAccessoryView.m; sourceTree = "<group>"; };
		B88ADA811CA795F9003ADDDA /* PPMessengerInputAccessoryView.h */ = {isa = PBXFileReference; fileEncoding = 4; lastKnownFileType = sourcecode.c.h; path = PPMessengerInputAccessoryView.h; sourceTree = "<group>"; };
		B88ADA821CA795F9003ADDDA /* PPMessengerInputAccessoryView.m */ = {isa = PBXFileReference; fileEncoding = 4; lastKnownFileType = sourcecode.c.objc; path = PPMessengerInputAccessoryView.m; sourceTree = "<group>"; };
		B88ADA831CA795F9003ADDDA /* PPMessengerInputAccessoryViewObserver.h */ = {isa = PBXFileReference; fileEncoding = 4; lastKnownFileType = sourcecode.c.h; path = PPMessengerInputAccessoryViewObserver.h; sourceTree = "<group>"; };
		B88ADA841CA795F9003ADDDA /* PPMessengerInputAccessoryViewProt.h */ = {isa = PBXFileReference; fileEncoding = 4; lastKnownFileType = sourcecode.c.h; path = PPMessengerInputAccessoryViewProt.h; sourceTree = "<group>"; };
		B88ADA851CA795F9003ADDDA /* PPMessengerDefaults.h */ = {isa = PBXFileReference; fileEncoding = 4; lastKnownFileType = sourcecode.c.h; path = PPMessengerDefaults.h; sourceTree = "<group>"; };
		B88ADA861CA795F9003ADDDA /* PPMessengerDefaults.m */ = {isa = PBXFileReference; fileEncoding = 4; lastKnownFileType = sourcecode.c.objc; path = PPMessengerDefaults.m; sourceTree = "<group>"; };
		B88ADA871CA795F9003ADDDA /* PPMessengerViewController.h */ = {isa = PBXFileReference; fileEncoding = 4; lastKnownFileType = sourcecode.c.h; path = PPMessengerViewController.h; sourceTree = "<group>"; };
		B88ADA881CA795F9003ADDDA /* PPMessengerViewController.m */ = {isa = PBXFileReference; fileEncoding = 4; lastKnownFileType = sourcecode.c.objc; path = PPMessengerViewController.m; sourceTree = "<group>"; };
		B88ADA8B1CA795F9003ADDDA /* PPMMessage.h */ = {isa = PBXFileReference; fileEncoding = 4; lastKnownFileType = sourcecode.c.h; path = PPMMessage.h; sourceTree = "<group>"; };
		B88ADA8C1CA795F9003ADDDA /* PPMMessage.m */ = {isa = PBXFileReference; fileEncoding = 4; lastKnownFileType = sourcecode.c.objc; path = PPMMessage.m; sourceTree = "<group>"; };
		B88ADA8D1CA795F9003ADDDA /* PPMMessageProt.h */ = {isa = PBXFileReference; fileEncoding = 4; lastKnownFileType = sourcecode.c.h; path = PPMMessageProt.h; sourceTree = "<group>"; };
		B88ADA901CA795F9003ADDDA /* PPMContentDisplayObject.h */ = {isa = PBXFileReference; fileEncoding = 4; lastKnownFileType = sourcecode.c.h; path = PPMContentDisplayObject.h; sourceTree = "<group>"; };
		B88ADA911CA795F9003ADDDA /* PPMContentDisplayObject.m */ = {isa = PBXFileReference; fileEncoding = 4; lastKnownFileType = sourcecode.c.objc; path = PPMContentDisplayObject.m; sourceTree = "<group>"; };
		B88ADA921CA795F9003ADDDA /* PPMessengerConstructionProt.h */ = {isa = PBXFileReference; fileEncoding = 4; lastKnownFileType = sourcecode.c.h; path = PPMessengerConstructionProt.h; sourceTree = "<group>"; };
		B88ADA931CA795F9003ADDDA /* PPMessengerContentDisplayObjectProt.h */ = {isa = PBXFileReference; fileEncoding = 4; lastKnownFileType = sourcecode.c.h; path = PPMessengerContentDisplayObjectProt.h; sourceTree = "<group>"; };
		B88ADA941CA795F9003ADDDA /* PPMGroup.h */ = {isa = PBXFileReference; fileEncoding = 4; lastKnownFileType = sourcecode.c.h; path = PPMGroup.h; sourceTree = "<group>"; };
		B88ADA951CA795F9003ADDDA /* PPMGroup.m */ = {isa = PBXFileReference; fileEncoding = 4; lastKnownFileType = sourcecode.c.objc; path = PPMGroup.m; sourceTree = "<group>"; };
		B88ADA971CA795F9003ADDDA /* PPMessengerReusableViewProt.h */ = {isa = PBXFileReference; fileEncoding = 4; lastKnownFileType = sourcecode.c.h; path = PPMessengerReusableViewProt.h; sourceTree = "<group>"; };
		B88ADA981CA795F9003ADDDA /* PPMReusableView.h */ = {isa = PBXFileReference; fileEncoding = 4; lastKnownFileType = sourcecode.c.h; path = PPMReusableView.h; sourceTree = "<group>"; };
		B88ADA991CA795F9003ADDDA /* PPMReusableView.m */ = {isa = PBXFileReference; fileEncoding = 4; lastKnownFileType = sourcecode.c.objc; path = PPMReusableView.m; sourceTree = "<group>"; };
		B88ADA9B1CA795F9003ADDDA /* PPMMessageDisplayObject.h */ = {isa = PBXFileReference; fileEncoding = 4; lastKnownFileType = sourcecode.c.h; path = PPMMessageDisplayObject.h; sourceTree = "<group>"; };
		B88ADA9C1CA795F9003ADDDA /* PPMMessageDisplayObject.m */ = {isa = PBXFileReference; fileEncoding = 4; lastKnownFileType = sourcecode.c.objc; path = PPMMessageDisplayObject.m; sourceTree = "<group>"; };
		B88ADA9E1CA795F9003ADDDA /* PPMSenderProfilePictureDisplayObject.h */ = {isa = PBXFileReference; fileEncoding = 4; lastKnownFileType = sourcecode.c.h; path = PPMSenderProfilePictureDisplayObject.h; sourceTree = "<group>"; };
		B88ADA9F1CA795F9003ADDDA /* PPMSenderProfilePictureDisplayObject.m */ = {isa = PBXFileReference; fileEncoding = 4; lastKnownFileType = sourcecode.c.objc; path = PPMSenderProfilePictureDisplayObject.m; sourceTree = "<group>"; };
		B88ADAA01CA795F9003ADDDA /* PPMSenderProfilePictureView.h */ = {isa = PBXFileReference; fileEncoding = 4; lastKnownFileType = sourcecode.c.h; path = PPMSenderProfilePictureView.h; sourceTree = "<group>"; };
		B88ADAA11CA795F9003ADDDA /* PPMSenderProfilePictureView.m */ = {isa = PBXFileReference; fileEncoding = 4; lastKnownFileType = sourcecode.c.objc; path = PPMSenderProfilePictureView.m; sourceTree = "<group>"; };
		B88ADAA31CA795F9003ADDDA /* PPMSenderUsernameDisplayObject.h */ = {isa = PBXFileReference; fileEncoding = 4; lastKnownFileType = sourcecode.c.h; path = PPMSenderUsernameDisplayObject.h; sourceTree = "<group>"; };
		B88ADAA41CA795F9003ADDDA /* PPMSenderUsernameDisplayObject.m */ = {isa = PBXFileReference; fileEncoding = 4; lastKnownFileType = sourcecode.c.objc; path = PPMSenderUsernameDisplayObject.m; sourceTree = "<group>"; };
		B88ADAA51CA795F9003ADDDA /* PPMSenderUsernameDisplayView.h */ = {isa = PBXFileReference; fileEncoding = 4; lastKnownFileType = sourcecode.c.h; path = PPMSenderUsernameDisplayView.h; sourceTree = "<group>"; };
		B88ADAA61CA795F9003ADDDA /* PPMSenderUsernameDisplayView.m */ = {isa = PBXFileReference; fileEncoding = 4; lastKnownFileType = sourcecode.c.objc; path = PPMSenderUsernameDisplayView.m; sourceTree = "<group>"; };
		B88ADAB81CA96EE1003ADDDA /* PPMLoaderDisplayObject.h */ = {isa = PBXFileReference; fileEncoding = 4; lastKnownFileType = sourcecode.c.h; path = PPMLoaderDisplayObject.h; sourceTree = "<group>"; };
		B88ADAB91CA96EE1003ADDDA /* PPMLoaderDisplayObject.m */ = {isa = PBXFileReference; fileEncoding = 4; lastKnownFileType = sourcecode.c.objc; path = PPMLoaderDisplayObject.m; sourceTree = "<group>"; };
		B88ADABB1CA96EFD003ADDDA /* PPMLoaderDisplayView.h */ = {isa = PBXFileReference; fileEncoding = 4; lastKnownFileType = sourcecode.c.h; path = PPMLoaderDisplayView.h; sourceTree = "<group>"; };
		B88ADABC1CA96EFD003ADDDA /* PPMLoaderDisplayView.m */ = {isa = PBXFileReference; fileEncoding = 4; lastKnownFileType = sourcecode.c.objc; path = PPMLoaderDisplayView.m; sourceTree = "<group>"; };
		B88ADABE1CA98078003ADDDA /* PPMLoaderDisplayObjectProt.h */ = {isa = PBXFileReference; fileEncoding = 4; lastKnownFileType = sourcecode.c.h; path = PPMLoaderDisplayObjectProt.h; sourceTree = "<group>"; };
		B88B7A601CA995DE00AF3AD9 /* PPMessengerTextHelper.h */ = {isa = PBXFileReference; fileEncoding = 4; lastKnownFileType = sourcecode.c.h; path = PPMessengerTextHelper.h; sourceTree = "<group>"; };
		B88B7A611CA995DE00AF3AD9 /* PPMessengerTextHelper.m */ = {isa = PBXFileReference; fileEncoding = 4; lastKnownFileType = sourcecode.c.objc; path = PPMessengerTextHelper.m; sourceTree = "<group>"; };
		B88B7A721CA9A77E00AF3AD9 /* PPMMessageTextContentDisplayView.h */ = {isa = PBXFileReference; fileEncoding = 4; lastKnownFileType = sourcecode.c.h; path = PPMMessageTextContentDisplayView.h; sourceTree = "<group>"; };
		B88B7A731CA9A77E00AF3AD9 /* PPMMessageTextContentDisplayView.m */ = {isa = PBXFileReference; fileEncoding = 4; lastKnownFileType = sourcecode.c.objc; path = PPMMessageTextContentDisplayView.m; sourceTree = "<group>"; };
		B88B7A751CA9F2BF00AF3AD9 /* TESTView.h */ = {isa = PBXFileReference; fileEncoding = 4; lastKnownFileType = sourcecode.c.h; path = TESTView.h; sourceTree = "<group>"; };
		B88B7A761CA9F2BF00AF3AD9 /* TESTView.m */ = {isa = PBXFileReference; fileEncoding = 4; lastKnownFileType = sourcecode.c.objc; path = TESTView.m; sourceTree = "<group>"; };
		B89250FF1CA5BD1600F4B81B /* PPMUserData.h */ = {isa = PBXFileReference; fileEncoding = 4; lastKnownFileType = sourcecode.c.h; path = PPMUserData.h; sourceTree = "<group>"; };
		B89251001CA5BD1600F4B81B /* PPMUserData.m */ = {isa = PBXFileReference; fileEncoding = 4; lastKnownFileType = sourcecode.c.objc; path = PPMUserData.m; sourceTree = "<group>"; };
		B892510A1CA6015E00F4B81B /* PPMessengerContentProvider.h */ = {isa = PBXFileReference; fileEncoding = 4; lastKnownFileType = sourcecode.c.h; path = PPMessengerContentProvider.h; sourceTree = "<group>"; };
		B892510B1CA6015E00F4B81B /* PPMessengerContentProvider.m */ = {isa = PBXFileReference; fileEncoding = 4; lastKnownFileType = sourcecode.c.objc; path = PPMessengerContentProvider.m; sourceTree = "<group>"; };
/* End PBXFileReference section */

/* Begin PBXFrameworksBuildPhase section */
		B837CF901CA1F04F0052D92F /* Frameworks */ = {
			isa = PBXFrameworksBuildPhase;
			buildActionMask = 2147483647;
			files = (
				8C70E7607C46200E1B0472A8 /* libPods-PPChatViewController.a in Frameworks */,
			);
			runOnlyForDeploymentPostprocessing = 0;
		};
/* End PBXFrameworksBuildPhase section */

/* Begin PBXGroup section */
		74814460E2AB16CF6A4A20EA /* Pods */ = {
			isa = PBXGroup;
			children = (
				B05F56E320AC536A629AF2C6 /* Pods-PPChatViewController.debug.xcconfig */,
				084952AF1619286A79D7FE54 /* Pods-PPChatViewController.release.xcconfig */,
			);
			name = Pods;
			sourceTree = "<group>";
		};
		B5BB019EE4855AF5A08FD176 /* Frameworks */ = {
			isa = PBXGroup;
			children = (
				5A5E97812BC4757E5DF04F0C /* libPods-PPChatViewController.a */,
			);
			name = Frameworks;
			sourceTree = "<group>";
		};
		B837CF8A1CA1F04F0052D92F = {
			isa = PBXGroup;
			children = (
				B837CF951CA1F04F0052D92F /* PPChatViewController */,
				B837CF941CA1F04F0052D92F /* Products */,
				74814460E2AB16CF6A4A20EA /* Pods */,
				B5BB019EE4855AF5A08FD176 /* Frameworks */,
			);
			sourceTree = "<group>";
		};
		B837CF941CA1F04F0052D92F /* Products */ = {
			isa = PBXGroup;
			children = (
				B837CF931CA1F04F0052D92F /* PPChatViewController.app */,
			);
			name = Products;
			sourceTree = "<group>";
		};
		B837CF951CA1F04F0052D92F /* PPChatViewController */ = {
			isa = PBXGroup;
			children = (
				B88ADA6F1CA795F9003ADDDA /* PPMessenger */,
				B837CF991CA1F04F0052D92F /* AppDelegate.h */,
				B837CF9A1CA1F04F0052D92F /* AppDelegate.m */,
				B89251091CA6015E00F4B81B /* BaseRealization */,
				B837CF9C1CA1F04F0052D92F /* ViewController.h */,
				B837CF9D1CA1F04F0052D92F /* ViewController.m */,
				B89250FF1CA5BD1600F4B81B /* PPMUserData.h */,
				B89251001CA5BD1600F4B81B /* PPMUserData.m */,
				B837CF9F1CA1F04F0052D92F /* Main.storyboard */,
				B837CFA21CA1F04F0052D92F /* Assets.xcassets */,
				B837CFA41CA1F04F0052D92F /* LaunchScreen.storyboard */,
				B837CFA71CA1F04F0052D92F /* Info.plist */,
				B837CF961CA1F04F0052D92F /* Supporting Files */,
			);
			path = PPChatViewController;
			sourceTree = "<group>";
		};
		B837CF961CA1F04F0052D92F /* Supporting Files */ = {
			isa = PBXGroup;
			children = (
				B837CF971CA1F04F0052D92F /* main.m */,
			);
			name = "Supporting Files";
			sourceTree = "<group>";
		};
		B88ADA6F1CA795F9003ADDDA /* PPMessenger */ = {
			isa = PBXGroup;
			children = (
				B88B7A5B1CA995AF00AF3AD9 /* Helpers */,
				B88ADA711CA795F9003ADDDA /* ContentView */,
				B88ADA761CA795F9003ADDDA /* Core */,
				B88ADA891CA795F9003ADDDA /* DataModels */,
				B88ADA8E1CA795F9003ADDDA /* DisplayObjects */,
			);
			path = PPMessenger;
			sourceTree = "<group>";
		};
		B88ADA711CA795F9003ADDDA /* ContentView */ = {
			isa = PBXGroup;
			children = (
				B88ADA721CA795F9003ADDDA /* PPMessengerCollectionView.h */,
				B88ADA731CA795F9003ADDDA /* PPMessengerCollectionView.m */,
				B88ADA741CA795F9003ADDDA /* PPMessengerCollectionViewLayout.h */,
				B88ADA751CA795F9003ADDDA /* PPMessengerCollectionViewLayout.m */,
			);
			path = ContentView;
			sourceTree = "<group>";
		};
		B88ADA761CA795F9003ADDDA /* Core */ = {
			isa = PBXGroup;
			children = (
				B88ADA771CA795F9003ADDDA /* ContentManager */,
				B88ADA7B1CA795F9003ADDDA /* ContentProvider */,
				B88ADA7E1CA795F9003ADDDA /* InputAccessory */,
				B88ADA851CA795F9003ADDDA /* PPMessengerDefaults.h */,
				B88ADA861CA795F9003ADDDA /* PPMessengerDefaults.m */,
				B88ADA871CA795F9003ADDDA /* PPMessengerViewController.h */,
				B88ADA881CA795F9003ADDDA /* PPMessengerViewController.m */,
				B88B7A751CA9F2BF00AF3AD9 /* TESTView.h */,
				B88B7A761CA9F2BF00AF3AD9 /* TESTView.m */,
			);
			name = Core;
			path = core;
			sourceTree = "<group>";
		};
		B88ADA771CA795F9003ADDDA /* ContentManager */ = {
			isa = PBXGroup;
			children = (
				B88ADA781CA795F9003ADDDA /* PPMessengerContentManager.h */,
				B88ADA791CA795F9003ADDDA /* PPMessengerContentManager.m */,
				B88ADA7A1CA795F9003ADDDA /* PPMessengerContentManagerProt.h */,
			);
			path = ContentManager;
			sourceTree = "<group>";
		};
		B88ADA7B1CA795F9003ADDDA /* ContentProvider */ = {
			isa = PBXGroup;
			children = (
				B88ADA7C1CA795F9003ADDDA /* PPMessengerContentConsumerProt.h */,
				B88ADA7D1CA795F9003ADDDA /* PPMessengerContentProviderProt.h */,
			);
			path = ContentProvider;
			sourceTree = "<group>";
		};
		B88ADA7E1CA795F9003ADDDA /* InputAccessory */ = {
			isa = PBXGroup;
			children = (
				B88ADA7F1CA795F9003ADDDA /* _PPMessengerFakeInputAccessoryView.h */,
				B88ADA801CA795F9003ADDDA /* _PPMessengerFakeInputAccessoryView.m */,
				B88ADA811CA795F9003ADDDA /* PPMessengerInputAccessoryView.h */,
				B88ADA821CA795F9003ADDDA /* PPMessengerInputAccessoryView.m */,
				B88ADA831CA795F9003ADDDA /* PPMessengerInputAccessoryViewObserver.h */,
				B88ADA841CA795F9003ADDDA /* PPMessengerInputAccessoryViewProt.h */,
			);
			path = InputAccessory;
			sourceTree = "<group>";
		};
		B88ADA891CA795F9003ADDDA /* DataModels */ = {
			isa = PBXGroup;
			children = (
				B88ADA8A1CA795F9003ADDDA /* Message */,
			);
			path = DataModels;
			sourceTree = "<group>";
		};
		B88ADA8A1CA795F9003ADDDA /* Message */ = {
			isa = PBXGroup;
			children = (
				B88ADA8B1CA795F9003ADDDA /* PPMMessage.h */,
				B88ADA8C1CA795F9003ADDDA /* PPMMessage.m */,
				B88ADA8D1CA795F9003ADDDA /* PPMMessageProt.h */,
			);
			path = Message;
			sourceTree = "<group>";
		};
		B88ADA8E1CA795F9003ADDDA /* DisplayObjects */ = {
			isa = PBXGroup;
			children = (
				B88ADAB71CA96E3D003ADDDA /* Loader */,
				B88ADA8F1CA795F9003ADDDA /* core */,
				B88ADA9A1CA795F9003ADDDA /* Message */,
			);
			name = DisplayObjects;
			path = displayObjects;
			sourceTree = "<group>";
		};
		B88ADA8F1CA795F9003ADDDA /* core */ = {
			isa = PBXGroup;
			children = (
				B88ADA901CA795F9003ADDDA /* PPMContentDisplayObject.h */,
				B88ADA911CA795F9003ADDDA /* PPMContentDisplayObject.m */,
				B88ADA921CA795F9003ADDDA /* PPMessengerConstructionProt.h */,
				B88ADA931CA795F9003ADDDA /* PPMessengerContentDisplayObjectProt.h */,
				B88ADABE1CA98078003ADDDA /* PPMLoaderDisplayObjectProt.h */,
				B88ADA941CA795F9003ADDDA /* PPMGroup.h */,
				B88ADA951CA795F9003ADDDA /* PPMGroup.m */,
				B88ADA961CA795F9003ADDDA /* view */,
			);
			path = core;
			sourceTree = "<group>";
		};
		B88ADA961CA795F9003ADDDA /* view */ = {
			isa = PBXGroup;
			children = (
				B88ADA971CA795F9003ADDDA /* PPMessengerReusableViewProt.h */,
				B88ADA981CA795F9003ADDDA /* PPMReusableView.h */,
				B88ADA991CA795F9003ADDDA /* PPMReusableView.m */,
			);
			path = view;
			sourceTree = "<group>";
		};
		B88ADA9A1CA795F9003ADDDA /* Message */ = {
			isa = PBXGroup;
			children = (
				B88ADA9B1CA795F9003ADDDA /* PPMMessageDisplayObject.h */,
				B88ADA9C1CA795F9003ADDDA /* PPMMessageDisplayObject.m */,
				B88B7A721CA9A77E00AF3AD9 /* PPMMessageTextContentDisplayView.h */,
				B88B7A731CA9A77E00AF3AD9 /* PPMMessageTextContentDisplayView.m */,
				B88ADA9D1CA795F9003ADDDA /* SenderProfilePicture */,
				B88ADAA21CA795F9003ADDDA /* SenderUsername */,
			);
			path = Message;
			sourceTree = "<group>";
		};
		B88ADA9D1CA795F9003ADDDA /* SenderProfilePicture */ = {
			isa = PBXGroup;
			children = (
				B88ADA9E1CA795F9003ADDDA /* PPMSenderProfilePictureDisplayObject.h */,
				B88ADA9F1CA795F9003ADDDA /* PPMSenderProfilePictureDisplayObject.m */,
				B88ADAA01CA795F9003ADDDA /* PPMSenderProfilePictureView.h */,
				B88ADAA11CA795F9003ADDDA /* PPMSenderProfilePictureView.m */,
			);
			path = SenderProfilePicture;
			sourceTree = "<group>";
		};
		B88ADAA21CA795F9003ADDDA /* SenderUsername */ = {
			isa = PBXGroup;
			children = (
				B88ADAA31CA795F9003ADDDA /* PPMSenderUsernameDisplayObject.h */,
				B88ADAA41CA795F9003ADDDA /* PPMSenderUsernameDisplayObject.m */,
				B88ADAA51CA795F9003ADDDA /* PPMSenderUsernameDisplayView.h */,
				B88ADAA61CA795F9003ADDDA /* PPMSenderUsernameDisplayView.m */,
			);
			path = SenderUsername;
			sourceTree = "<group>";
		};
		B88ADAB71CA96E3D003ADDDA /* Loader */ = {
			isa = PBXGroup;
			children = (
				B88ADAB81CA96EE1003ADDDA /* PPMLoaderDisplayObject.h */,
				B88ADAB91CA96EE1003ADDDA /* PPMLoaderDisplayObject.m */,
				B88ADABB1CA96EFD003ADDDA /* PPMLoaderDisplayView.h */,
				B88ADABC1CA96EFD003ADDDA /* PPMLoaderDisplayView.m */,
			);
			path = Loader;
			sourceTree = "<group>";
		};
		B88B7A5B1CA995AF00AF3AD9 /* Helpers */ = {
			isa = PBXGroup;
			children = (
				B88B7A5F1CA995DE00AF3AD9 /* text */,
			);
			path = Helpers;
			sourceTree = "<group>";
		};
		B88B7A5F1CA995DE00AF3AD9 /* text */ = {
			isa = PBXGroup;
			children = (
				B88B7A601CA995DE00AF3AD9 /* PPMessengerTextHelper.h */,
				B88B7A611CA995DE00AF3AD9 /* PPMessengerTextHelper.m */,
			);
			path = text;
			sourceTree = "<group>";
		};
		B89251091CA6015E00F4B81B /* BaseRealization */ = {
			isa = PBXGroup;
			children = (
				B892510A1CA6015E00F4B81B /* PPMessengerContentProvider.h */,
				B892510B1CA6015E00F4B81B /* PPMessengerContentProvider.m */,
			);
			path = BaseRealization;
			sourceTree = "<group>";
		};
/* End PBXGroup section */

/* Begin PBXNativeTarget section */
		B837CF921CA1F04F0052D92F /* PPChatViewController */ = {
			isa = PBXNativeTarget;
			buildConfigurationList = B837CFAA1CA1F04F0052D92F /* Build configuration list for PBXNativeTarget "PPChatViewController" */;
			buildPhases = (
				573A059BEAA28F267D23015B /* Check Pods Manifest.lock */,
				B837CF8F1CA1F04F0052D92F /* Sources */,
				B837CF901CA1F04F0052D92F /* Frameworks */,
				B837CF911CA1F04F0052D92F /* Resources */,
				F86EFF6BC9603C52EA96239A /* Embed Pods Frameworks */,
				9392D0331BE145797BD83D28 /* Copy Pods Resources */,
			);
			buildRules = (
			);
			dependencies = (
			);
			name = PPChatViewController;
			productName = PPChatViewController;
			productReference = B837CF931CA1F04F0052D92F /* PPChatViewController.app */;
			productType = "com.apple.product-type.application";
		};
/* End PBXNativeTarget section */

/* Begin PBXProject section */
		B837CF8B1CA1F04F0052D92F /* Project object */ = {
			isa = PBXProject;
			attributes = {
				LastUpgradeCheck = 0720;
				ORGANIZATIONNAME = PlacePixel;
				TargetAttributes = {
					B837CF921CA1F04F0052D92F = {
						CreatedOnToolsVersion = 7.2.1;
					};
				};
			};
			buildConfigurationList = B837CF8E1CA1F04F0052D92F /* Build configuration list for PBXProject "PPChatViewController" */;
			compatibilityVersion = "Xcode 3.2";
			developmentRegion = English;
			hasScannedForEncodings = 0;
			knownRegions = (
				en,
				Base,
			);
			mainGroup = B837CF8A1CA1F04F0052D92F;
			productRefGroup = B837CF941CA1F04F0052D92F /* Products */;
			projectDirPath = "";
			projectRoot = "";
			targets = (
				B837CF921CA1F04F0052D92F /* PPChatViewController */,
			);
		};
/* End PBXProject section */

/* Begin PBXResourcesBuildPhase section */
		B837CF911CA1F04F0052D92F /* Resources */ = {
			isa = PBXResourcesBuildPhase;
			buildActionMask = 2147483647;
			files = (
				B837CFA61CA1F04F0052D92F /* LaunchScreen.storyboard in Resources */,
				B837CFA31CA1F04F0052D92F /* Assets.xcassets in Resources */,
				B837CFA11CA1F04F0052D92F /* Main.storyboard in Resources */,
			);
			runOnlyForDeploymentPostprocessing = 0;
		};
/* End PBXResourcesBuildPhase section */

/* Begin PBXShellScriptBuildPhase section */
		573A059BEAA28F267D23015B /* Check Pods Manifest.lock */ = {
			isa = PBXShellScriptBuildPhase;
			buildActionMask = 2147483647;
			files = (
			);
			inputPaths = (
			);
			name = "Check Pods Manifest.lock";
			outputPaths = (
			);
			runOnlyForDeploymentPostprocessing = 0;
			shellPath = /bin/sh;
			shellScript = "diff \"${PODS_ROOT}/../Podfile.lock\" \"${PODS_ROOT}/Manifest.lock\" > /dev/null\nif [[ $? != 0 ]] ; then\n    cat << EOM\nerror: The sandbox is not in sync with the Podfile.lock. Run 'pod install' or update your CocoaPods installation.\nEOM\n    exit 1\nfi\n";
			showEnvVarsInLog = 0;
		};
		9392D0331BE145797BD83D28 /* Copy Pods Resources */ = {
			isa = PBXShellScriptBuildPhase;
			buildActionMask = 2147483647;
			files = (
			);
			inputPaths = (
			);
			name = "Copy Pods Resources";
			outputPaths = (
			);
			runOnlyForDeploymentPostprocessing = 0;
			shellPath = /bin/sh;
			shellScript = "\"${SRCROOT}/Pods/Target Support Files/Pods-PPChatViewController/Pods-PPChatViewController-resources.sh\"\n";
			showEnvVarsInLog = 0;
		};
		F86EFF6BC9603C52EA96239A /* Embed Pods Frameworks */ = {
			isa = PBXShellScriptBuildPhase;
			buildActionMask = 2147483647;
			files = (
			);
			inputPaths = (
			);
			name = "Embed Pods Frameworks";
			outputPaths = (
			);
			runOnlyForDeploymentPostprocessing = 0;
			shellPath = /bin/sh;
			shellScript = "\"${SRCROOT}/Pods/Target Support Files/Pods-PPChatViewController/Pods-PPChatViewController-frameworks.sh\"\n";
			showEnvVarsInLog = 0;
		};
/* End PBXShellScriptBuildPhase section */

/* Begin PBXSourcesBuildPhase section */
		B837CF8F1CA1F04F0052D92F /* Sources */ = {
			isa = PBXSourcesBuildPhase;
			buildActionMask = 2147483647;
			files = (
				B88ADAB61CA795F9003ADDDA /* PPMSenderUsernameDisplayView.m in Sources */,
				B88ADABD1CA96EFD003ADDDA /* PPMLoaderDisplayView.m in Sources */,
				B837CF9E1CA1F04F0052D92F /* ViewController.m in Sources */,
				B88ADAB31CA795F9003ADDDA /* PPMSenderProfilePictureDisplayObject.m in Sources */,
				B837CF9B1CA1F04F0052D92F /* AppDelegate.m in Sources */,
				B837CF981CA1F04F0052D92F /* main.m in Sources */,
				B88ADAAC1CA795F9003ADDDA /* PPMessengerDefaults.m in Sources */,
				B89251011CA5BD1600F4B81B /* PPMUserData.m in Sources */,
				B88ADAAB1CA795F9003ADDDA /* PPMessengerInputAccessoryView.m in Sources */,
				B88ADAA71CA795F9003ADDDA /* PPMessengerCollectionView.m in Sources */,
				B88B7A771CA9F2BF00AF3AD9 /* TESTView.m in Sources */,
				B88ADAB11CA795F9003ADDDA /* PPMReusableView.m in Sources */,
				B88ADAAF1CA795F9003ADDDA /* PPMContentDisplayObject.m in Sources */,
				B88ADAA91CA795F9003ADDDA /* PPMessengerContentManager.m in Sources */,
				B88ADAA81CA795F9003ADDDA /* PPMessengerCollectionViewLayout.m in Sources */,
				B88ADAAA1CA795F9003ADDDA /* _PPMessengerFakeInputAccessoryView.m in Sources */,
				B88ADAAE1CA795F9003ADDDA /* PPMMessage.m in Sources */,
				B88B7A621CA995DE00AF3AD9 /* PPMessengerTextHelper.m in Sources */,
				B88ADAAD1CA795F9003ADDDA /* PPMessengerViewController.m in Sources */,
				B89251111CA6015E00F4B81B /* PPMessengerContentProvider.m in Sources */,
				B88ADAB51CA795F9003ADDDA /* PPMSenderUsernameDisplayObject.m in Sources */,
				B88ADABA1CA96EE1003ADDDA /* PPMLoaderDisplayObject.m in Sources */,
				B88ADAB41CA795F9003ADDDA /* PPMSenderProfilePictureView.m in Sources */,
				B88ADAB21CA795F9003ADDDA /* PPMMessageDisplayObject.m in Sources */,
				B88B7A741CA9A77E00AF3AD9 /* PPMMessageTextContentDisplayView.m in Sources */,
				B88ADAB01CA795F9003ADDDA /* PPMGroup.m in Sources */,
			);
			runOnlyForDeploymentPostprocessing = 0;
		};
/* End PBXSourcesBuildPhase section */

/* Begin PBXVariantGroup section */
		B837CF9F1CA1F04F0052D92F /* Main.storyboard */ = {
			isa = PBXVariantGroup;
			children = (
				B837CFA01CA1F04F0052D92F /* Base */,
			);
			name = Main.storyboard;
			sourceTree = "<group>";
		};
		B837CFA41CA1F04F0052D92F /* LaunchScreen.storyboard */ = {
			isa = PBXVariantGroup;
			children = (
				B837CFA51CA1F04F0052D92F /* Base */,
			);
			name = LaunchScreen.storyboard;
			sourceTree = "<group>";
		};
/* End PBXVariantGroup section */

/* Begin XCBuildConfiguration section */
		B837CFA81CA1F04F0052D92F /* Debug */ = {
			isa = XCBuildConfiguration;
			buildSettings = {
				ALWAYS_SEARCH_USER_PATHS = NO;
				CLANG_CXX_LANGUAGE_STANDARD = "gnu++0x";
				CLANG_CXX_LIBRARY = "libc++";
				CLANG_ENABLE_MODULES = YES;
				CLANG_ENABLE_OBJC_ARC = YES;
				CLANG_WARN_BOOL_CONVERSION = YES;
				CLANG_WARN_CONSTANT_CONVERSION = YES;
				CLANG_WARN_DIRECT_OBJC_ISA_USAGE = YES_ERROR;
				CLANG_WARN_EMPTY_BODY = YES;
				CLANG_WARN_ENUM_CONVERSION = YES;
				CLANG_WARN_INT_CONVERSION = YES;
				CLANG_WARN_OBJC_ROOT_CLASS = YES_ERROR;
				CLANG_WARN_UNREACHABLE_CODE = YES;
				CLANG_WARN__DUPLICATE_METHOD_MATCH = YES;
				"CODE_SIGN_IDENTITY[sdk=iphoneos*]" = "iPhone Developer";
				COPY_PHASE_STRIP = NO;
				DEBUG_INFORMATION_FORMAT = dwarf;
				ENABLE_STRICT_OBJC_MSGSEND = YES;
				ENABLE_TESTABILITY = YES;
				GCC_C_LANGUAGE_STANDARD = gnu99;
				GCC_DYNAMIC_NO_PIC = NO;
				GCC_NO_COMMON_BLOCKS = YES;
				GCC_OPTIMIZATION_LEVEL = 0;
				GCC_PREPROCESSOR_DEFINITIONS = (
					"DEBUG=1",
					"$(inherited)",
				);
				GCC_WARN_64_TO_32_BIT_CONVERSION = YES;
				GCC_WARN_ABOUT_RETURN_TYPE = YES_ERROR;
				GCC_WARN_UNDECLARED_SELECTOR = YES;
				GCC_WARN_UNINITIALIZED_AUTOS = YES_AGGRESSIVE;
				GCC_WARN_UNUSED_FUNCTION = YES;
				GCC_WARN_UNUSED_VARIABLE = YES;
				IPHONEOS_DEPLOYMENT_TARGET = 9.2;
				MTL_ENABLE_DEBUG_INFO = YES;
				ONLY_ACTIVE_ARCH = YES;
				SDKROOT = iphoneos;
			};
			name = Debug;
		};
		B837CFA91CA1F04F0052D92F /* Release */ = {
			isa = XCBuildConfiguration;
			buildSettings = {
				ALWAYS_SEARCH_USER_PATHS = NO;
				CLANG_CXX_LANGUAGE_STANDARD = "gnu++0x";
				CLANG_CXX_LIBRARY = "libc++";
				CLANG_ENABLE_MODULES = YES;
				CLANG_ENABLE_OBJC_ARC = YES;
				CLANG_WARN_BOOL_CONVERSION = YES;
				CLANG_WARN_CONSTANT_CONVERSION = YES;
				CLANG_WARN_DIRECT_OBJC_ISA_USAGE = YES_ERROR;
				CLANG_WARN_EMPTY_BODY = YES;
				CLANG_WARN_ENUM_CONVERSION = YES;
				CLANG_WARN_INT_CONVERSION = YES;
				CLANG_WARN_OBJC_ROOT_CLASS = YES_ERROR;
				CLANG_WARN_UNREACHABLE_CODE = YES;
				CLANG_WARN__DUPLICATE_METHOD_MATCH = YES;
				"CODE_SIGN_IDENTITY[sdk=iphoneos*]" = "iPhone Developer";
				COPY_PHASE_STRIP = NO;
				DEBUG_INFORMATION_FORMAT = "dwarf-with-dsym";
				ENABLE_NS_ASSERTIONS = NO;
				ENABLE_STRICT_OBJC_MSGSEND = YES;
				GCC_C_LANGUAGE_STANDARD = gnu99;
				GCC_NO_COMMON_BLOCKS = YES;
				GCC_WARN_64_TO_32_BIT_CONVERSION = YES;
				GCC_WARN_ABOUT_RETURN_TYPE = YES_ERROR;
				GCC_WARN_UNDECLARED_SELECTOR = YES;
				GCC_WARN_UNINITIALIZED_AUTOS = YES_AGGRESSIVE;
				GCC_WARN_UNUSED_FUNCTION = YES;
				GCC_WARN_UNUSED_VARIABLE = YES;
				IPHONEOS_DEPLOYMENT_TARGET = 9.2;
				MTL_ENABLE_DEBUG_INFO = NO;
				SDKROOT = iphoneos;
				VALIDATE_PRODUCT = YES;
			};
			name = Release;
		};
		B837CFAB1CA1F04F0052D92F /* Debug */ = {
			isa = XCBuildConfiguration;
			baseConfigurationReference = B05F56E320AC536A629AF2C6 /* Pods-PPChatViewController.debug.xcconfig */;
			buildSettings = {
				ASSETCATALOG_COMPILER_APPICON_NAME = AppIcon;
				INFOPLIST_FILE = PPChatViewController/Info.plist;
				IPHONEOS_DEPLOYMENT_TARGET = 8.0;
				LD_RUNPATH_SEARCH_PATHS = "$(inherited) @executable_path/Frameworks";
				PRODUCT_BUNDLE_IDENTIFIER = com.placepixel.PPChatViewController;
				PRODUCT_NAME = "$(TARGET_NAME)";
			};
			name = Debug;
		};
		B837CFAC1CA1F04F0052D92F /* Release */ = {
			isa = XCBuildConfiguration;
			baseConfigurationReference = 084952AF1619286A79D7FE54 /* Pods-PPChatViewController.release.xcconfig */;
			buildSettings = {
				ASSETCATALOG_COMPILER_APPICON_NAME = AppIcon;
				INFOPLIST_FILE = PPChatViewController/Info.plist;
				IPHONEOS_DEPLOYMENT_TARGET = 8.0;
				LD_RUNPATH_SEARCH_PATHS = "$(inherited) @executable_path/Frameworks";
				PRODUCT_BUNDLE_IDENTIFIER = com.placepixel.PPChatViewController;
				PRODUCT_NAME = "$(TARGET_NAME)";
			};
			name = Release;
		};
/* End XCBuildConfiguration section */

/* Begin XCConfigurationList section */
		B837CF8E1CA1F04F0052D92F /* Build configuration list for PBXProject "PPChatViewController" */ = {
			isa = XCConfigurationList;
			buildConfigurations = (
				B837CFA81CA1F04F0052D92F /* Debug */,
				B837CFA91CA1F04F0052D92F /* Release */,
			);
			defaultConfigurationIsVisible = 0;
			defaultConfigurationName = Release;
		};
		B837CFAA1CA1F04F0052D92F /* Build configuration list for PBXNativeTarget "PPChatViewController" */ = {
			isa = XCConfigurationList;
			buildConfigurations = (
				B837CFAB1CA1F04F0052D92F /* Debug */,
				B837CFAC1CA1F04F0052D92F /* Release */,
			);
			defaultConfigurationIsVisible = 0;
			defaultConfigurationName = Release;
		};
/* End XCConfigurationList section */
	};
	rootObject = B837CF8B1CA1F04F0052D92F /* Project object */;
}
